// !$*UTF8*$!
{
	archiveVersion = 1;
	classes = {
	};
	objectVersion = 56;
	objects = {

/* Begin PBXBuildFile section */
		CD1235EE297E448E00AC083A /* QuakeError.swift in Sources */ = {isa = PBXBuildFile; fileRef = CD1235ED297E448E00AC083A /* QuakeError.swift */; };
		CD1235F6297E456900AC083A /* EarthquakesTests.swift in Sources */ = {isa = PBXBuildFile; fileRef = CD1235F5297E456900AC083A /* EarthquakesTests.swift */; };
		CD1235FD297E458500AC083A /* TestData.swift in Sources */ = {isa = PBXBuildFile; fileRef = CD1235FC297E458500AC083A /* TestData.swift */; };
		CD1235FF297E476800AC083A /* GeoJSON.swift in Sources */ = {isa = PBXBuildFile; fileRef = CD1235FE297E476800AC083A /* GeoJSON.swift */; };
		CD123601297E493700AC083A /* QuakeLocation.swift in Sources */ = {isa = PBXBuildFile; fileRef = CD123600297E493700AC083A /* QuakeLocation.swift */; };
		CDFC31DA297E379900D3747A /* EarthquakesApp.swift in Sources */ = {isa = PBXBuildFile; fileRef = CDFC31D9297E379900D3747A /* EarthquakesApp.swift */; };
		CDFC31DC297E379900D3747A /* Quakes.swift in Sources */ = {isa = PBXBuildFile; fileRef = CDFC31DB297E379900D3747A /* Quakes.swift */; };
		CDFC31DE297E379A00D3747A /* Assets.xcassets in Resources */ = {isa = PBXBuildFile; fileRef = CDFC31DD297E379A00D3747A /* Assets.xcassets */; };
		CDFC31E1297E379A00D3747A /* Preview Assets.xcassets in Resources */ = {isa = PBXBuildFile; fileRef = CDFC31E0297E379A00D3747A /* Preview Assets.xcassets */; };
		CDFC31ED297E384B00D3747A /* DeleteButton.swift in Sources */ = {isa = PBXBuildFile; fileRef = CDFC31EC297E384B00D3747A /* DeleteButton.swift */; };
		CDFC31EF297E38FD00D3747A /* ToolbarStatus.swift in Sources */ = {isa = PBXBuildFile; fileRef = CDFC31EE297E38FD00D3747A /* ToolbarStatus.swift */; };
		CDFC31F1297E3A9200D3747A /* RefreshButton.swift in Sources */ = {isa = PBXBuildFile; fileRef = CDFC31F0297E3A9200D3747A /* RefreshButton.swift */; };
		CDFC31F3297E3AE300D3747A /* EditButton.swift in Sources */ = {isa = PBXBuildFile; fileRef = CDFC31F2297E3AE300D3747A /* EditButton.swift */; };
		CDFC31F5297E3BA400D3747A /* SelectButton.swift in Sources */ = {isa = PBXBuildFile; fileRef = CDFC31F4297E3BA400D3747A /* SelectButton.swift */; };
		CDFC31F7297E3C7F00D3747A /* Quakes+Toolbar.swift in Sources */ = {isa = PBXBuildFile; fileRef = CDFC31F6297E3C7F00D3747A /* Quakes+Toolbar.swift */; };
		CDFC31FA297E3DC200D3747A /* Quake.swift in Sources */ = {isa = PBXBuildFile; fileRef = CDFC31F9297E3DC200D3747A /* Quake.swift */; };
		CDFC31FC297E3E0E00D3747A /* Quake+Color.swift in Sources */ = {isa = PBXBuildFile; fileRef = CDFC31FB297E3E0E00D3747A /* Quake+Color.swift */; };
		CDFC31FE297E3E9600D3747A /* QuakeMagnitude.swift in Sources */ = {isa = PBXBuildFile; fileRef = CDFC31FD297E3E9600D3747A /* QuakeMagnitude.swift */; };
		CDFC3200297E3FA700D3747A /* QuakeRow.swift in Sources */ = {isa = PBXBuildFile; fileRef = CDFC31FF297E3FA700D3747A /* QuakeRow.swift */; };
/* End PBXBuildFile section */

/* Begin PBXContainerItemProxy section */
		CD1235F7297E456900AC083A /* PBXContainerItemProxy */ = {
			isa = PBXContainerItemProxy;
			containerPortal = CDFC31CE297E379900D3747A /* Project object */;
			proxyType = 1;
			remoteGlobalIDString = CDFC31D5297E379900D3747A;
			remoteInfo = Earthquakes;
		};
/* End PBXContainerItemProxy section */

/* Begin PBXFileReference section */
		CD1235ED297E448E00AC083A /* QuakeError.swift */ = {isa = PBXFileReference; lastKnownFileType = sourcecode.swift; path = QuakeError.swift; sourceTree = "<group>"; };
		CD1235F3297E456900AC083A /* EarthquakesTests.xctest */ = {isa = PBXFileReference; explicitFileType = wrapper.cfbundle; includeInIndex = 0; path = EarthquakesTests.xctest; sourceTree = BUILT_PRODUCTS_DIR; };
		CD1235F5297E456900AC083A /* EarthquakesTests.swift */ = {isa = PBXFileReference; lastKnownFileType = sourcecode.swift; path = EarthquakesTests.swift; sourceTree = "<group>"; };
		CD1235FC297E458500AC083A /* TestData.swift */ = {isa = PBXFileReference; lastKnownFileType = sourcecode.swift; path = TestData.swift; sourceTree = "<group>"; };
		CD1235FE297E476800AC083A /* GeoJSON.swift */ = {isa = PBXFileReference; lastKnownFileType = sourcecode.swift; path = GeoJSON.swift; sourceTree = "<group>"; };
		CD123600297E493700AC083A /* QuakeLocation.swift */ = {isa = PBXFileReference; lastKnownFileType = sourcecode.swift; path = QuakeLocation.swift; sourceTree = "<group>"; };
		CDFC31D6297E379900D3747A /* Earthquakes.app */ = {isa = PBXFileReference; explicitFileType = wrapper.application; includeInIndex = 0; path = Earthquakes.app; sourceTree = BUILT_PRODUCTS_DIR; };
		CDFC31D9297E379900D3747A /* EarthquakesApp.swift */ = {isa = PBXFileReference; lastKnownFileType = sourcecode.swift; path = EarthquakesApp.swift; sourceTree = "<group>"; };
		CDFC31DB297E379900D3747A /* Quakes.swift */ = {isa = PBXFileReference; lastKnownFileType = sourcecode.swift; path = Quakes.swift; sourceTree = "<group>"; };
		CDFC31DD297E379A00D3747A /* Assets.xcassets */ = {isa = PBXFileReference; lastKnownFileType = folder.assetcatalog; path = Assets.xcassets; sourceTree = "<group>"; };
		CDFC31E0297E379A00D3747A /* Preview Assets.xcassets */ = {isa = PBXFileReference; lastKnownFileType = folder.assetcatalog; path = "Preview Assets.xcassets"; sourceTree = "<group>"; };
		CDFC31EC297E384B00D3747A /* DeleteButton.swift */ = {isa = PBXFileReference; lastKnownFileType = sourcecode.swift; path = DeleteButton.swift; sourceTree = "<group>"; };
		CDFC31EE297E38FD00D3747A /* ToolbarStatus.swift */ = {isa = PBXFileReference; lastKnownFileType = sourcecode.swift; path = ToolbarStatus.swift; sourceTree = "<group>"; };
		CDFC31F0297E3A9200D3747A /* RefreshButton.swift */ = {isa = PBXFileReference; lastKnownFileType = sourcecode.swift; path = RefreshButton.swift; sourceTree = "<group>"; };
		CDFC31F2297E3AE300D3747A /* EditButton.swift */ = {isa = PBXFileReference; lastKnownFileType = sourcecode.swift; path = EditButton.swift; sourceTree = "<group>"; };
		CDFC31F4297E3BA400D3747A /* SelectButton.swift */ = {isa = PBXFileReference; lastKnownFileType = sourcecode.swift; path = SelectButton.swift; sourceTree = "<group>"; };
		CDFC31F6297E3C7F00D3747A /* Quakes+Toolbar.swift */ = {isa = PBXFileReference; lastKnownFileType = sourcecode.swift; name = "Quakes+Toolbar.swift"; path = "../../../../../../Desktop/Quakes+Toolbar.swift"; sourceTree = "<group>"; };
		CDFC31F9297E3DC200D3747A /* Quake.swift */ = {isa = PBXFileReference; lastKnownFileType = sourcecode.swift; path = Quake.swift; sourceTree = "<group>"; };
		CDFC31FB297E3E0E00D3747A /* Quake+Color.swift */ = {isa = PBXFileReference; lastKnownFileType = sourcecode.swift; path = "Quake+Color.swift"; sourceTree = "<group>"; };
		CDFC31FD297E3E9600D3747A /* QuakeMagnitude.swift */ = {isa = PBXFileReference; lastKnownFileType = sourcecode.swift; path = QuakeMagnitude.swift; sourceTree = "<group>"; };
		CDFC31FF297E3FA700D3747A /* QuakeRow.swift */ = {isa = PBXFileReference; lastKnownFileType = sourcecode.swift; path = QuakeRow.swift; sourceTree = "<group>"; };
/* End PBXFileReference section */

/* Begin PBXFrameworksBuildPhase section */
		CD1235F0297E456900AC083A /* Frameworks */ = {
			isa = PBXFrameworksBuildPhase;
			buildActionMask = 2147483647;
			files = (
			);
			runOnlyForDeploymentPostprocessing = 0;
		};
		CDFC31D3297E379900D3747A /* Frameworks */ = {
			isa = PBXFrameworksBuildPhase;
			buildActionMask = 2147483647;
			files = (
			);
			runOnlyForDeploymentPostprocessing = 0;
		};
/* End PBXFrameworksBuildPhase section */

/* Begin PBXGroup section */
		CD1235F4297E456900AC083A /* EarthquakesTests */ = {
			isa = PBXGroup;
			children = (
				CD1235F5297E456900AC083A /* EarthquakesTests.swift */,
				CD1235FC297E458500AC083A /* TestData.swift */,
			);
			path = EarthquakesTests;
			sourceTree = "<group>";
		};
		CDFC31CD297E379900D3747A = {
			isa = PBXGroup;
			children = (
				CDFC31D8297E379900D3747A /* Earthquakes */,
				CD1235F4297E456900AC083A /* EarthquakesTests */,
				CDFC31D7297E379900D3747A /* Products */,
			);
			sourceTree = "<group>";
		};
		CDFC31D7297E379900D3747A /* Products */ = {
			isa = PBXGroup;
			children = (
				CDFC31D6297E379900D3747A /* Earthquakes.app */,
				CD1235F3297E456900AC083A /* EarthquakesTests.xctest */,
			);
			name = Products;
			sourceTree = "<group>";
		};
		CDFC31D8297E379900D3747A /* Earthquakes */ = {
			isa = PBXGroup;
			children = (
				CDFC31F8297E3DB900D3747A /* Model */,
				CDFC31EA297E382400D3747A /* Views */,
				CDFC31E7297E37C800D3747A /* Support */,
			);
			path = Earthquakes;
			sourceTree = "<group>";
		};
		CDFC31DF297E379A00D3747A /* Preview Content */ = {
			isa = PBXGroup;
			children = (
				CDFC31E0297E379A00D3747A /* Preview Assets.xcassets */,
			);
			path = "Preview Content";
			sourceTree = "<group>";
		};
		CDFC31E7297E37C800D3747A /* Support */ = {
			isa = PBXGroup;
			children = (
				CDFC31E9297E37E000D3747A /* App Entry */,
				CDFC31E8297E37D500D3747A /* Resources */,
				CDFC31DF297E379A00D3747A /* Preview Content */,
			);
			path = Support;
			sourceTree = "<group>";
		};
		CDFC31E8297E37D500D3747A /* Resources */ = {
			isa = PBXGroup;
			children = (
				CDFC31DD297E379A00D3747A /* Assets.xcassets */,
			);
			path = Resources;
			sourceTree = "<group>";
		};
		CDFC31E9297E37E000D3747A /* App Entry */ = {
			isa = PBXGroup;
			children = (
				CDFC31D9297E379900D3747A /* EarthquakesApp.swift */,
			);
			path = "App Entry";
			sourceTree = "<group>";
		};
		CDFC31EA297E382400D3747A /* Views */ = {
			isa = PBXGroup;
			children = (
				CDFC31DB297E379900D3747A /* Quakes.swift */,
				CDFC31FF297E3FA700D3747A /* QuakeRow.swift */,
				CDFC31FD297E3E9600D3747A /* QuakeMagnitude.swift */,
				CDFC31EB297E383200D3747A /* Toolbar Content */,
			);
			path = Views;
			sourceTree = "<group>";
		};
		CDFC31EB297E383200D3747A /* Toolbar Content */ = {
			isa = PBXGroup;
			children = (
				CDFC31F6297E3C7F00D3747A /* Quakes+Toolbar.swift */,
				CDFC31F4297E3BA400D3747A /* SelectButton.swift */,
				CDFC31F2297E3AE300D3747A /* EditButton.swift */,
				CDFC31F0297E3A9200D3747A /* RefreshButton.swift */,
				CDFC31EE297E38FD00D3747A /* ToolbarStatus.swift */,
				CDFC31EC297E384B00D3747A /* DeleteButton.swift */,
			);
			path = "Toolbar Content";
			sourceTree = "<group>";
		};
		CDFC31F8297E3DB900D3747A /* Model */ = {
			isa = PBXGroup;
			children = (
				CDFC31F9297E3DC200D3747A /* Quake.swift */,
				CDFC31FB297E3E0E00D3747A /* Quake+Color.swift */,
				CD1235ED297E448E00AC083A /* QuakeError.swift */,
				CD1235FE297E476800AC083A /* GeoJSON.swift */,
				CD123600297E493700AC083A /* QuakeLocation.swift */,
			);
			path = Model;
			sourceTree = "<group>";
		};
/* End PBXGroup section */

/* Begin PBXNativeTarget section */
		CD1235F2297E456900AC083A /* EarthquakesTests */ = {
			isa = PBXNativeTarget;
			buildConfigurationList = CD1235F9297E456900AC083A /* Build configuration list for PBXNativeTarget "EarthquakesTests" */;
			buildPhases = (
				CD1235EF297E456900AC083A /* Sources */,
				CD1235F0297E456900AC083A /* Frameworks */,
				CD1235F1297E456900AC083A /* Resources */,
			);
			buildRules = (
			);
			dependencies = (
				CD1235F8297E456900AC083A /* PBXTargetDependency */,
			);
			name = EarthquakesTests;
			productName = EarthquakesTests;
			productReference = CD1235F3297E456900AC083A /* EarthquakesTests.xctest */;
			productType = "com.apple.product-type.bundle.unit-test";
		};
		CDFC31D5297E379900D3747A /* Earthquakes */ = {
			isa = PBXNativeTarget;
			buildConfigurationList = CDFC31E4297E379A00D3747A /* Build configuration list for PBXNativeTarget "Earthquakes" */;
			buildPhases = (
				CDFC31D2297E379900D3747A /* Sources */,
				CDFC31D3297E379900D3747A /* Frameworks */,
				CDFC31D4297E379900D3747A /* Resources */,
			);
			buildRules = (
			);
			dependencies = (
			);
			name = Earthquakes;
			productName = Earthquakes;
			productReference = CDFC31D6297E379900D3747A /* Earthquakes.app */;
			productType = "com.apple.product-type.application";
		};
/* End PBXNativeTarget section */

/* Begin PBXProject section */
		CDFC31CE297E379900D3747A /* Project object */ = {
			isa = PBXProject;
			attributes = {
				BuildIndependentTargetsInParallel = 1;
				LastSwiftUpdateCheck = 1400;
				LastUpgradeCheck = 1400;
				TargetAttributes = {
					CD1235F2297E456900AC083A = {
						CreatedOnToolsVersion = 14.0.1;
						TestTargetID = CDFC31D5297E379900D3747A;
					};
					CDFC31D5297E379900D3747A = {
						CreatedOnToolsVersion = 14.0.1;
					};
				};
			};
			buildConfigurationList = CDFC31D1297E379900D3747A /* Build configuration list for PBXProject "Earthquakes" */;
			compatibilityVersion = "Xcode 14.0";
			developmentRegion = en;
			hasScannedForEncodings = 0;
			knownRegions = (
				en,
				Base,
			);
			mainGroup = CDFC31CD297E379900D3747A;
			productRefGroup = CDFC31D7297E379900D3747A /* Products */;
			projectDirPath = "";
			projectRoot = "";
			targets = (
				CDFC31D5297E379900D3747A /* Earthquakes */,
				CD1235F2297E456900AC083A /* EarthquakesTests */,
			);
		};
/* End PBXProject section */

/* Begin PBXResourcesBuildPhase section */
		CD1235F1297E456900AC083A /* Resources */ = {
			isa = PBXResourcesBuildPhase;
			buildActionMask = 2147483647;
			files = (
			);
			runOnlyForDeploymentPostprocessing = 0;
		};
		CDFC31D4297E379900D3747A /* Resources */ = {
			isa = PBXResourcesBuildPhase;
			buildActionMask = 2147483647;
			files = (
				CDFC31E1297E379A00D3747A /* Preview Assets.xcassets in Resources */,
				CDFC31DE297E379A00D3747A /* Assets.xcassets in Resources */,
			);
			runOnlyForDeploymentPostprocessing = 0;
		};
/* End PBXResourcesBuildPhase section */

/* Begin PBXSourcesBuildPhase section */
		CD1235EF297E456900AC083A /* Sources */ = {
			isa = PBXSourcesBuildPhase;
			buildActionMask = 2147483647;
			files = (
				CD1235F6297E456900AC083A /* EarthquakesTests.swift in Sources */,
				CD1235FD297E458500AC083A /* TestData.swift in Sources */,
			);
			runOnlyForDeploymentPostprocessing = 0;
		};
		CDFC31D2297E379900D3747A /* Sources */ = {
			isa = PBXSourcesBuildPhase;
			buildActionMask = 2147483647;
			files = (
				CDFC31DC297E379900D3747A /* Quakes.swift in Sources */,
				CDFC31F3297E3AE300D3747A /* EditButton.swift in Sources */,
				CDFC31EF297E38FD00D3747A /* ToolbarStatus.swift in Sources */,
				CD1235FF297E476800AC083A /* GeoJSON.swift in Sources */,
				CDFC31F1297E3A9200D3747A /* RefreshButton.swift in Sources */,
				CDFC3200297E3FA700D3747A /* QuakeRow.swift in Sources */,
				CDFC31FA297E3DC200D3747A /* Quake.swift in Sources */,
				CDFC31DA297E379900D3747A /* EarthquakesApp.swift in Sources */,
				CDFC31F5297E3BA400D3747A /* SelectButton.swift in Sources */,
				CDFC31ED297E384B00D3747A /* DeleteButton.swift in Sources */,
				CD1235EE297E448E00AC083A /* QuakeError.swift in Sources */,
				CD123601297E493700AC083A /* QuakeLocation.swift in Sources */,
				CDFC31FE297E3E9600D3747A /* QuakeMagnitude.swift in Sources */,
				CDFC31F7297E3C7F00D3747A /* Quakes+Toolbar.swift in Sources */,
				CDFC31FC297E3E0E00D3747A /* Quake+Color.swift in Sources */,
			);
			runOnlyForDeploymentPostprocessing = 0;
		};
/* End PBXSourcesBuildPhase section */

/* Begin PBXTargetDependency section */
		CD1235F8297E456900AC083A /* PBXTargetDependency */ = {
			isa = PBXTargetDependency;
			target = CDFC31D5297E379900D3747A /* Earthquakes */;
			targetProxy = CD1235F7297E456900AC083A /* PBXContainerItemProxy */;
		};
/* End PBXTargetDependency section */

/* Begin XCBuildConfiguration section */
		CD1235FA297E456900AC083A /* Debug */ = {
			isa = XCBuildConfiguration;
			buildSettings = {
				BUNDLE_LOADER = "$(TEST_HOST)";
				CODE_SIGN_STYLE = Automatic;
				CURRENT_PROJECT_VERSION = 1;
				DEVELOPMENT_TEAM = P7DFWNNEL3;
				GENERATE_INFOPLIST_FILE = YES;
				MARKETING_VERSION = 1.0;
				PRODUCT_BUNDLE_IDENTIFIER = io.github.chadarutherford.EarthquakesTests;
				PRODUCT_NAME = "$(TARGET_NAME)";
				SWIFT_EMIT_LOC_STRINGS = NO;
				SWIFT_VERSION = 5.0;
				TARGETED_DEVICE_FAMILY = "1,2";
				TEST_HOST = "$(BUILT_PRODUCTS_DIR)/Earthquakes.app/$(BUNDLE_EXECUTABLE_FOLDER_PATH)/Earthquakes";
			};
			name = Debug;
		};
		CD1235FB297E456900AC083A /* Release */ = {
			isa = XCBuildConfiguration;
			buildSettings = {
				BUNDLE_LOADER = "$(TEST_HOST)";
				CODE_SIGN_STYLE = Automatic;
				CURRENT_PROJECT_VERSION = 1;
				DEVELOPMENT_TEAM = P7DFWNNEL3;
				GENERATE_INFOPLIST_FILE = YES;
				MARKETING_VERSION = 1.0;
				PRODUCT_BUNDLE_IDENTIFIER = io.github.chadarutherford.EarthquakesTests;
				PRODUCT_NAME = "$(TARGET_NAME)";
				SWIFT_EMIT_LOC_STRINGS = NO;
				SWIFT_VERSION = 5.0;
				TARGETED_DEVICE_FAMILY = "1,2";
				TEST_HOST = "$(BUILT_PRODUCTS_DIR)/Earthquakes.app/$(BUNDLE_EXECUTABLE_FOLDER_PATH)/Earthquakes";
			};
			name = Release;
		};
		CDFC31E2297E379A00D3747A /* Debug */ = {
			isa = XCBuildConfiguration;
			buildSettings = {
				ALWAYS_SEARCH_USER_PATHS = NO;
				CLANG_ANALYZER_NONNULL = YES;
				CLANG_ANALYZER_NUMBER_OBJECT_CONVERSION = YES_AGGRESSIVE;
				CLANG_CXX_LANGUAGE_STANDARD = "gnu++20";
				CLANG_ENABLE_MODULES = YES;
				CLANG_ENABLE_OBJC_ARC = YES;
				CLANG_ENABLE_OBJC_WEAK = YES;
				CLANG_WARN_BLOCK_CAPTURE_AUTORELEASING = YES;
				CLANG_WARN_BOOL_CONVERSION = YES;
				CLANG_WARN_COMMA = YES;
				CLANG_WARN_CONSTANT_CONVERSION = YES;
				CLANG_WARN_DEPRECATED_OBJC_IMPLEMENTATIONS = YES;
				CLANG_WARN_DIRECT_OBJC_ISA_USAGE = YES_ERROR;
				CLANG_WARN_DOCUMENTATION_COMMENTS = YES;
				CLANG_WARN_EMPTY_BODY = YES;
				CLANG_WARN_ENUM_CONVERSION = YES;
				CLANG_WARN_INFINITE_RECURSION = YES;
				CLANG_WARN_INT_CONVERSION = YES;
				CLANG_WARN_NON_LITERAL_NULL_CONVERSION = YES;
				CLANG_WARN_OBJC_IMPLICIT_RETAIN_SELF = YES;
				CLANG_WARN_OBJC_LITERAL_CONVERSION = YES;
				CLANG_WARN_OBJC_ROOT_CLASS = YES_ERROR;
				CLANG_WARN_QUOTED_INCLUDE_IN_FRAMEWORK_HEADER = YES;
				CLANG_WARN_RANGE_LOOP_ANALYSIS = YES;
				CLANG_WARN_STRICT_PROTOTYPES = YES;
				CLANG_WARN_SUSPICIOUS_MOVE = YES;
				CLANG_WARN_UNGUARDED_AVAILABILITY = YES_AGGRESSIVE;
				CLANG_WARN_UNREACHABLE_CODE = YES;
				CLANG_WARN__DUPLICATE_METHOD_MATCH = YES;
				COPY_PHASE_STRIP = NO;
				DEBUG_INFORMATION_FORMAT = dwarf;
				ENABLE_STRICT_OBJC_MSGSEND = YES;
				ENABLE_TESTABILITY = YES;
				GCC_C_LANGUAGE_STANDARD = gnu11;
				GCC_DYNAMIC_NO_PIC = NO;
				GCC_NO_COMMON_BLOCKS = YES;
				GCC_OPTIMIZATION_LEVEL = 0;
				GCC_PREPROCESSOR_DEFINITIONS = (
					"DEBUG=1",
					"$(inherited)",
				);
				GCC_WARN_64_TO_32_BIT_CONVERSION = YES;
				GCC_WARN_ABOUT_RETURN_TYPE = YES_ERROR;
				GCC_WARN_UNDECLARED_SELECTOR = YES;
				GCC_WARN_UNINITIALIZED_AUTOS = YES_AGGRESSIVE;
				GCC_WARN_UNUSED_FUNCTION = YES;
				GCC_WARN_UNUSED_VARIABLE = YES;
				IPHONEOS_DEPLOYMENT_TARGET = 16.0;
				MTL_ENABLE_DEBUG_INFO = INCLUDE_SOURCE;
				MTL_FAST_MATH = YES;
				ONLY_ACTIVE_ARCH = YES;
				SDKROOT = iphoneos;
				SWIFT_ACTIVE_COMPILATION_CONDITIONS = DEBUG;
				SWIFT_OPTIMIZATION_LEVEL = "-Onone";
			};
			name = Debug;
		};
		CDFC31E3297E379A00D3747A /* Release */ = {
			isa = XCBuildConfiguration;
			buildSettings = {
				ALWAYS_SEARCH_USER_PATHS = NO;
				CLANG_ANALYZER_NONNULL = YES;
				CLANG_ANALYZER_NUMBER_OBJECT_CONVERSION = YES_AGGRESSIVE;
				CLANG_CXX_LANGUAGE_STANDARD = "gnu++20";
				CLANG_ENABLE_MODULES = YES;
				CLANG_ENABLE_OBJC_ARC = YES;
				CLANG_ENABLE_OBJC_WEAK = YES;
				CLANG_WARN_BLOCK_CAPTURE_AUTORELEASING = YES;
				CLANG_WARN_BOOL_CONVERSION = YES;
				CLANG_WARN_COMMA = YES;
				CLANG_WARN_CONSTANT_CONVERSION = YES;
				CLANG_WARN_DEPRECATED_OBJC_IMPLEMENTATIONS = YES;
				CLANG_WARN_DIRECT_OBJC_ISA_USAGE = YES_ERROR;
				CLANG_WARN_DOCUMENTATION_COMMENTS = YES;
				CLANG_WARN_EMPTY_BODY = YES;
				CLANG_WARN_ENUM_CONVERSION = YES;
				CLANG_WARN_INFINITE_RECURSION = YES;
				CLANG_WARN_INT_CONVERSION = YES;
				CLANG_WARN_NON_LITERAL_NULL_CONVERSION = YES;
				CLANG_WARN_OBJC_IMPLICIT_RETAIN_SELF = YES;
				CLANG_WARN_OBJC_LITERAL_CONVERSION = YES;
				CLANG_WARN_OBJC_ROOT_CLASS = YES_ERROR;
				CLANG_WARN_QUOTED_INCLUDE_IN_FRAMEWORK_HEADER = YES;
				CLANG_WARN_RANGE_LOOP_ANALYSIS = YES;
				CLANG_WARN_STRICT_PROTOTYPES = YES;
				CLANG_WARN_SUSPICIOUS_MOVE = YES;
				CLANG_WARN_UNGUARDED_AVAILABILITY = YES_AGGRESSIVE;
				CLANG_WARN_UNREACHABLE_CODE = YES;
				CLANG_WARN__DUPLICATE_METHOD_MATCH = YES;
				COPY_PHASE_STRIP = NO;
				DEBUG_INFORMATION_FORMAT = "dwarf-with-dsym";
				ENABLE_NS_ASSERTIONS = NO;
				ENABLE_STRICT_OBJC_MSGSEND = YES;
				GCC_C_LANGUAGE_STANDARD = gnu11;
				GCC_NO_COMMON_BLOCKS = YES;
				GCC_WARN_64_TO_32_BIT_CONVERSION = YES;
				GCC_WARN_ABOUT_RETURN_TYPE = YES_ERROR;
				GCC_WARN_UNDECLARED_SELECTOR = YES;
				GCC_WARN_UNINITIALIZED_AUTOS = YES_AGGRESSIVE;
				GCC_WARN_UNUSED_FUNCTION = YES;
				GCC_WARN_UNUSED_VARIABLE = YES;
				IPHONEOS_DEPLOYMENT_TARGET = 16.0;
				MTL_ENABLE_DEBUG_INFO = NO;
				MTL_FAST_MATH = YES;
				SDKROOT = iphoneos;
				SWIFT_COMPILATION_MODE = wholemodule;
				SWIFT_OPTIMIZATION_LEVEL = "-O";
				VALIDATE_PRODUCT = YES;
			};
			name = Release;
		};
		CDFC31E5297E379A00D3747A /* Debug */ = {
			isa = XCBuildConfiguration;
			buildSettings = {
				ASSETCATALOG_COMPILER_APPICON_NAME = AppIcon;
				ASSETCATALOG_COMPILER_GLOBAL_ACCENT_COLOR_NAME = AccentColor;
				CODE_SIGN_STYLE = Automatic;
				CURRENT_PROJECT_VERSION = 1;
				DEVELOPMENT_ASSET_PATHS = "\"Earthquakes/Support/Preview Content\"";
				DEVELOPMENT_TEAM = P7DFWNNEL3;
				ENABLE_PREVIEWS = YES;
				GENERATE_INFOPLIST_FILE = YES;
				INFOPLIST_KEY_UIApplicationSceneManifest_Generation = YES;
				INFOPLIST_KEY_UIApplicationSupportsIndirectInputEvents = YES;
				INFOPLIST_KEY_UILaunchScreen_Generation = YES;
				INFOPLIST_KEY_UISupportedInterfaceOrientations_iPad = "UIInterfaceOrientationPortrait UIInterfaceOrientationPortraitUpsideDown UIInterfaceOrientationLandscapeLeft UIInterfaceOrientationLandscapeRight";
				INFOPLIST_KEY_UISupportedInterfaceOrientations_iPhone = "UIInterfaceOrientationPortrait UIInterfaceOrientationLandscapeLeft UIInterfaceOrientationLandscapeRight";
				LD_RUNPATH_SEARCH_PATHS = (
					"$(inherited)",
					"@executable_path/Frameworks",
				);
				MARKETING_VERSION = 1.0;
				PRODUCT_BUNDLE_IDENTIFIER = io.github.chadarutherford.Earthquakes;
				PRODUCT_NAME = "$(TARGET_NAME)";
				SWIFT_EMIT_LOC_STRINGS = YES;
				SWIFT_VERSION = 5.0;
				TARGETED_DEVICE_FAMILY = "1,2";
			};
			name = Debug;
		};
		CDFC31E6297E379A00D3747A /* Release */ = {
			isa = XCBuildConfiguration;
			buildSettings = {
				ASSETCATALOG_COMPILER_APPICON_NAME = AppIcon;
				ASSETCATALOG_COMPILER_GLOBAL_ACCENT_COLOR_NAME = AccentColor;
				CODE_SIGN_STYLE = Automatic;
				CURRENT_PROJECT_VERSION = 1;
				DEVELOPMENT_ASSET_PATHS = "\"Earthquakes/Support/Preview Content\"";
				DEVELOPMENT_TEAM = P7DFWNNEL3;
				ENABLE_PREVIEWS = YES;
				GENERATE_INFOPLIST_FILE = YES;
				INFOPLIST_KEY_UIApplicationSceneManifest_Generation = YES;
				INFOPLIST_KEY_UIApplicationSupportsIndirectInputEvents = YES;
				INFOPLIST_KEY_UILaunchScreen_Generation = YES;
				INFOPLIST_KEY_UISupportedInterfaceOrientations_iPad = "UIInterfaceOrientationPortrait UIInterfaceOrientationPortraitUpsideDown UIInterfaceOrientationLandscapeLeft UIInterfaceOrientationLandscapeRight";
				INFOPLIST_KEY_UISupportedInterfaceOrientations_iPhone = "UIInterfaceOrientationPortrait UIInterfaceOrientationLandscapeLeft UIInterfaceOrientationLandscapeRight";
				LD_RUNPATH_SEARCH_PATHS = (
					"$(inherited)",
					"@executable_path/Frameworks",
				);
				MARKETING_VERSION = 1.0;
				PRODUCT_BUNDLE_IDENTIFIER = io.github.chadarutherford.Earthquakes;
				PRODUCT_NAME = "$(TARGET_NAME)";
				SWIFT_EMIT_LOC_STRINGS = YES;
				SWIFT_VERSION = 5.0;
				TARGETED_DEVICE_FAMILY = "1,2";
			};
			name = Release;
		};
/* End XCBuildConfiguration section */

/* Begin XCConfigurationList section */
		CD1235F9297E456900AC083A /* Build configuration list for PBXNativeTarget "EarthquakesTests" */ = {
			isa = XCConfigurationList;
			buildConfigurations = (
				CD1235FA297E456900AC083A /* Debug */,
				CD1235FB297E456900AC083A /* Release */,
			);
			defaultConfigurationIsVisible = 0;
			defaultConfigurationName = Release;
		};
		CDFC31D1297E379900D3747A /* Build configuration list for PBXProject "Earthquakes" */ = {
			isa = XCConfigurationList;
			buildConfigurations = (
				CDFC31E2297E379A00D3747A /* Debug */,
				CDFC31E3297E379A00D3747A /* Release */,
			);
			defaultConfigurationIsVisible = 0;
			defaultConfigurationName = Release;
		};
		CDFC31E4297E379A00D3747A /* Build configuration list for PBXNativeTarget "Earthquakes" */ = {
			isa = XCConfigurationList;
			buildConfigurations = (
				CDFC31E5297E379A00D3747A /* Debug */,
				CDFC31E6297E379A00D3747A /* Release */,
			);
			defaultConfigurationIsVisible = 0;
			defaultConfigurationName = Release;
		};
/* End XCConfigurationList section */
	};
	rootObject = CDFC31CE297E379900D3747A /* Project object */;
}
