// !$*UTF8*$!
{
	archiveVersion = 1;
	classes = {
	};
	objectVersion = 56;
	objects = {

/* Begin PBXBuildFile section */
		CD18AA2D29707A5E004B8559 /* Reminder.swift in Sources */ = {isa = PBXBuildFile; fileRef = CD18AA2C29707A5E004B8559 /* Reminder.swift */; };
		CD18AA3129707EF2004B8559 /* Date+Today.swift in Sources */ = {isa = PBXBuildFile; fileRef = CD18AA3029707EF2004B8559 /* Date+Today.swift */; };
		CD18AA342970806F004B8559 /* ReminderListViewController+DataSource.swift in Sources */ = {isa = PBXBuildFile; fileRef = CD18AA332970806F004B8559 /* ReminderListViewController+DataSource.swift */; };
		CD18AA3629708445004B8559 /* UIColor+Today.swift in Sources */ = {isa = PBXBuildFile; fileRef = CD18AA3529708445004B8559 /* UIColor+Today.swift */; };
		CD18AA39297092F0004B8559 /* RemidnerDoneButton.swift in Sources */ = {isa = PBXBuildFile; fileRef = CD18AA38297092F0004B8559 /* RemidnerDoneButton.swift */; };
		CD18AA3B29709360004B8559 /* ReminderListViewController+Actions.swift in Sources */ = {isa = PBXBuildFile; fileRef = CD18AA3A29709360004B8559 /* ReminderListViewController+Actions.swift */; };
		CD60F82E296CC16D00085B47 /* AppDelegate.swift in Sources */ = {isa = PBXBuildFile; fileRef = CD60F82D296CC16D00085B47 /* AppDelegate.swift */; };
		CD60F830296CC16D00085B47 /* SceneDelegate.swift in Sources */ = {isa = PBXBuildFile; fileRef = CD60F82F296CC16D00085B47 /* SceneDelegate.swift */; };
		CD60F832296CC16D00085B47 /* ReminderListViewController.swift in Sources */ = {isa = PBXBuildFile; fileRef = CD60F831296CC16D00085B47 /* ReminderListViewController.swift */; };
		CD60F837296CC16E00085B47 /* Assets.xcassets in Resources */ = {isa = PBXBuildFile; fileRef = CD60F836296CC16E00085B47 /* Assets.xcassets */; };
		CD60F83A296CC16E00085B47 /* LaunchScreen.storyboard in Resources */ = {isa = PBXBuildFile; fileRef = CD60F838296CC16E00085B47 /* LaunchScreen.storyboard */; };
		CDC4A59E297C92E400527DEA /* ReminderViewController.swift in Sources */ = {isa = PBXBuildFile; fileRef = CDC4A59D297C92E400527DEA /* ReminderViewController.swift */; };
		CDC4A5A0297C93BE00527DEA /* ReminderViewController+Row.swift in Sources */ = {isa = PBXBuildFile; fileRef = CDC4A59F297C93BE00527DEA /* ReminderViewController+Row.swift */; };
		CDC4A5A2297C999000527DEA /* ReminderViewController+Section.swift in Sources */ = {isa = PBXBuildFile; fileRef = CDC4A5A1297C999000527DEA /* ReminderViewController+Section.swift */; };
/* End PBXBuildFile section */

/* Begin PBXFileReference section */
		CD18AA2C29707A5E004B8559 /* Reminder.swift */ = {isa = PBXFileReference; lastKnownFileType = sourcecode.swift; path = Reminder.swift; sourceTree = "<group>"; };
		CD18AA3029707EF2004B8559 /* Date+Today.swift */ = {isa = PBXFileReference; lastKnownFileType = sourcecode.swift; path = "Date+Today.swift"; sourceTree = "<group>"; };
		CD18AA332970806F004B8559 /* ReminderListViewController+DataSource.swift */ = {isa = PBXFileReference; lastKnownFileType = sourcecode.swift; path = "ReminderListViewController+DataSource.swift"; sourceTree = "<group>"; };
		CD18AA3529708445004B8559 /* UIColor+Today.swift */ = {isa = PBXFileReference; lastKnownFileType = sourcecode.swift; path = "UIColor+Today.swift"; sourceTree = "<group>"; };
		CD18AA38297092F0004B8559 /* RemidnerDoneButton.swift */ = {isa = PBXFileReference; lastKnownFileType = sourcecode.swift; path = RemidnerDoneButton.swift; sourceTree = "<group>"; };
		CD18AA3A29709360004B8559 /* ReminderListViewController+Actions.swift */ = {isa = PBXFileReference; lastKnownFileType = sourcecode.swift; path = "ReminderListViewController+Actions.swift"; sourceTree = "<group>"; };
		CD60F82A296CC16D00085B47 /* Today.app */ = {isa = PBXFileReference; explicitFileType = wrapper.application; includeInIndex = 0; path = Today.app; sourceTree = BUILT_PRODUCTS_DIR; };
		CD60F82D296CC16D00085B47 /* AppDelegate.swift */ = {isa = PBXFileReference; lastKnownFileType = sourcecode.swift; path = AppDelegate.swift; sourceTree = "<group>"; };
		CD60F82F296CC16D00085B47 /* SceneDelegate.swift */ = {isa = PBXFileReference; lastKnownFileType = sourcecode.swift; path = SceneDelegate.swift; sourceTree = "<group>"; };
		CD60F831296CC16D00085B47 /* ReminderListViewController.swift */ = {isa = PBXFileReference; lastKnownFileType = sourcecode.swift; path = ReminderListViewController.swift; sourceTree = "<group>"; };
		CD60F836296CC16E00085B47 /* Assets.xcassets */ = {isa = PBXFileReference; lastKnownFileType = folder.assetcatalog; path = Assets.xcassets; sourceTree = "<group>"; };
		CD60F839296CC16E00085B47 /* Base */ = {isa = PBXFileReference; lastKnownFileType = file.storyboard; name = Base; path = Base.lproj/LaunchScreen.storyboard; sourceTree = "<group>"; };
		CD60F83B296CC16E00085B47 /* Info.plist */ = {isa = PBXFileReference; lastKnownFileType = text.plist.xml; path = Info.plist; sourceTree = "<group>"; };
		CDC4A59D297C92E400527DEA /* ReminderViewController.swift */ = {isa = PBXFileReference; lastKnownFileType = sourcecode.swift; path = ReminderViewController.swift; sourceTree = "<group>"; };
		CDC4A59F297C93BE00527DEA /* ReminderViewController+Row.swift */ = {isa = PBXFileReference; lastKnownFileType = sourcecode.swift; path = "ReminderViewController+Row.swift"; sourceTree = "<group>"; };
		CDC4A5A1297C999000527DEA /* ReminderViewController+Section.swift */ = {isa = PBXFileReference; lastKnownFileType = sourcecode.swift; path = "ReminderViewController+Section.swift"; sourceTree = "<group>"; };
/* End PBXFileReference section */

/* Begin PBXFrameworksBuildPhase section */
		CD60F827296CC16D00085B47 /* Frameworks */ = {
			isa = PBXFrameworksBuildPhase;
			buildActionMask = 2147483647;
			files = (
			);
			runOnlyForDeploymentPostprocessing = 0;
		};
/* End PBXFrameworksBuildPhase section */

/* Begin PBXGroup section */
		CD18AA26297079E8004B8559 /* Support */ = {
			isa = PBXGroup;
			children = (
				CD18AA2E29707EDF004B8559 /* Utilities */,
				CD18AA2729707A08004B8559 /* App Entry Point */,
				CD60F836296CC16E00085B47 /* Assets.xcassets */,
				CD60F83B296CC16E00085B47 /* Info.plist */,
			);
			path = Support;
			sourceTree = "<group>";
		};
		CD18AA2729707A08004B8559 /* App Entry Point */ = {
			isa = PBXGroup;
			children = (
				CD60F82D296CC16D00085B47 /* AppDelegate.swift */,
				CD60F82F296CC16D00085B47 /* SceneDelegate.swift */,
			);
			path = "App Entry Point";
			sourceTree = "<group>";
		};
		CD18AA2829707A35004B8559 /* View */ = {
			isa = PBXGroup;
			children = (
				CD18AA37297092DE004B8559 /* Custom Views */,
				CD18AA2929707A3A004B8559 /* Storyboards */,
			);
			path = View;
			sourceTree = "<group>";
		};
		CD18AA2929707A3A004B8559 /* Storyboards */ = {
			isa = PBXGroup;
			children = (
				CD60F838296CC16E00085B47 /* LaunchScreen.storyboard */,
			);
			path = Storyboards;
			sourceTree = "<group>";
		};
		CD18AA2A29707A46004B8559 /* Controller */ = {
			isa = PBXGroup;
			children = (
				CDC4A59C297C92C900527DEA /* ReminderViewController */,
				CD18AA322970804F004B8559 /* ListViewController */,
			);
			path = Controller;
			sourceTree = "<group>";
		};
		CD18AA2B29707A54004B8559 /* Model */ = {
			isa = PBXGroup;
			children = (
				CD18AA2C29707A5E004B8559 /* Reminder.swift */,
			);
			path = Model;
			sourceTree = "<group>";
		};
		CD18AA2E29707EDF004B8559 /* Utilities */ = {
			isa = PBXGroup;
			children = (
				CD18AA2F29707EE7004B8559 /* Extensions */,
			);
			path = Utilities;
			sourceTree = "<group>";
		};
		CD18AA2F29707EE7004B8559 /* Extensions */ = {
			isa = PBXGroup;
			children = (
				CD18AA3029707EF2004B8559 /* Date+Today.swift */,
				CD18AA3529708445004B8559 /* UIColor+Today.swift */,
			);
			path = Extensions;
			sourceTree = "<group>";
		};
		CD18AA322970804F004B8559 /* ListViewController */ = {
			isa = PBXGroup;
			children = (
				CD60F831296CC16D00085B47 /* ReminderListViewController.swift */,
				CD18AA332970806F004B8559 /* ReminderListViewController+DataSource.swift */,
				CD18AA3A29709360004B8559 /* ReminderListViewController+Actions.swift */,
			);
			path = ListViewController;
			sourceTree = "<group>";
		};
		CD18AA37297092DE004B8559 /* Custom Views */ = {
			isa = PBXGroup;
			children = (
				CD18AA38297092F0004B8559 /* RemidnerDoneButton.swift */,
			);
			path = "Custom Views";
			sourceTree = "<group>";
		};
		CD60F821296CC16D00085B47 = {
			isa = PBXGroup;
			children = (
				CD60F82C296CC16D00085B47 /* Today */,
				CD60F82B296CC16D00085B47 /* Products */,
			);
			sourceTree = "<group>";
		};
		CD60F82B296CC16D00085B47 /* Products */ = {
			isa = PBXGroup;
			children = (
				CD60F82A296CC16D00085B47 /* Today.app */,
			);
			name = Products;
			sourceTree = "<group>";
		};
		CD60F82C296CC16D00085B47 /* Today */ = {
			isa = PBXGroup;
			children = (
				CD18AA2B29707A54004B8559 /* Model */,
				CD18AA2829707A35004B8559 /* View */,
				CD18AA2A29707A46004B8559 /* Controller */,
				CD18AA26297079E8004B8559 /* Support */,
			);
			path = Today;
			sourceTree = "<group>";
		};
		CDC4A59C297C92C900527DEA /* ReminderViewController */ = {
			isa = PBXGroup;
			children = (
				CDC4A59D297C92E400527DEA /* ReminderViewController.swift */,
				CDC4A59F297C93BE00527DEA /* ReminderViewController+Row.swift */,
				CDC4A5A1297C999000527DEA /* ReminderViewController+Section.swift */,
			);
			path = ReminderViewController;
			sourceTree = "<group>";
		};
/* End PBXGroup section */

/* Begin PBXNativeTarget section */
		CD60F829296CC16D00085B47 /* Today */ = {
			isa = PBXNativeTarget;
			buildConfigurationList = CD60F83E296CC16E00085B47 /* Build configuration list for PBXNativeTarget "Today" */;
			buildPhases = (
				CD60F826296CC16D00085B47 /* Sources */,
				CD60F827296CC16D00085B47 /* Frameworks */,
				CD60F828296CC16D00085B47 /* Resources */,
			);
			buildRules = (
			);
			dependencies = (
			);
			name = Today;
			productName = Today;
			productReference = CD60F82A296CC16D00085B47 /* Today.app */;
			productType = "com.apple.product-type.application";
		};
/* End PBXNativeTarget section */

/* Begin PBXProject section */
		CD60F822296CC16D00085B47 /* Project object */ = {
			isa = PBXProject;
			attributes = {
				BuildIndependentTargetsInParallel = 1;
				LastSwiftUpdateCheck = 1400;
				LastUpgradeCheck = 1400;
				TargetAttributes = {
					CD60F829296CC16D00085B47 = {
						CreatedOnToolsVersion = 14.0.1;
					};
				};
			};
			buildConfigurationList = CD60F825296CC16D00085B47 /* Build configuration list for PBXProject "Today" */;
			compatibilityVersion = "Xcode 14.0";
			developmentRegion = en;
			hasScannedForEncodings = 0;
			knownRegions = (
				en,
				Base,
			);
			mainGroup = CD60F821296CC16D00085B47;
			productRefGroup = CD60F82B296CC16D00085B47 /* Products */;
			projectDirPath = "";
			projectRoot = "";
			targets = (
				CD60F829296CC16D00085B47 /* Today */,
			);
		};
/* End PBXProject section */

/* Begin PBXResourcesBuildPhase section */
		CD60F828296CC16D00085B47 /* Resources */ = {
			isa = PBXResourcesBuildPhase;
			buildActionMask = 2147483647;
			files = (
				CD60F83A296CC16E00085B47 /* LaunchScreen.storyboard in Resources */,
				CD60F837296CC16E00085B47 /* Assets.xcassets in Resources */,
			);
			runOnlyForDeploymentPostprocessing = 0;
		};
/* End PBXResourcesBuildPhase section */

/* Begin PBXSourcesBuildPhase section */
		CD60F826296CC16D00085B47 /* Sources */ = {
			isa = PBXSourcesBuildPhase;
			buildActionMask = 2147483647;
			files = (
				CDC4A5A2297C999000527DEA /* ReminderViewController+Section.swift in Sources */,
				CD18AA3629708445004B8559 /* UIColor+Today.swift in Sources */,
				CD18AA3B29709360004B8559 /* ReminderListViewController+Actions.swift in Sources */,
				CDC4A59E297C92E400527DEA /* ReminderViewController.swift in Sources */,
				CD60F832296CC16D00085B47 /* ReminderListViewController.swift in Sources */,
				CD18AA3129707EF2004B8559 /* Date+Today.swift in Sources */,
				CDC4A5A0297C93BE00527DEA /* ReminderViewController+Row.swift in Sources */,
				CD18AA39297092F0004B8559 /* RemidnerDoneButton.swift in Sources */,
				CD60F82E296CC16D00085B47 /* AppDelegate.swift in Sources */,
				CD60F830296CC16D00085B47 /* SceneDelegate.swift in Sources */,
				CD18AA2D29707A5E004B8559 /* Reminder.swift in Sources */,
				CD18AA342970806F004B8559 /* ReminderListViewController+DataSource.swift in Sources */,
			);
			runOnlyForDeploymentPostprocessing = 0;
		};
/* End PBXSourcesBuildPhase section */

/* Begin PBXVariantGroup section */
		CD60F838296CC16E00085B47 /* LaunchScreen.storyboard */ = {
			isa = PBXVariantGroup;
			children = (
				CD60F839296CC16E00085B47 /* Base */,
			);
			name = LaunchScreen.storyboard;
			sourceTree = "<group>";
		};
/* End PBXVariantGroup section */

/* Begin XCBuildConfiguration section */
		CD60F83C296CC16E00085B47 /* Debug */ = {
			isa = XCBuildConfiguration;
			buildSettings = {
				ALWAYS_SEARCH_USER_PATHS = NO;
				CLANG_ANALYZER_NONNULL = YES;
				CLANG_ANALYZER_NUMBER_OBJECT_CONVERSION = YES_AGGRESSIVE;
				CLANG_CXX_LANGUAGE_STANDARD = "gnu++20";
				CLANG_ENABLE_MODULES = YES;
				CLANG_ENABLE_OBJC_ARC = YES;
				CLANG_ENABLE_OBJC_WEAK = YES;
				CLANG_WARN_BLOCK_CAPTURE_AUTORELEASING = YES;
				CLANG_WARN_BOOL_CONVERSION = YES;
				CLANG_WARN_COMMA = YES;
				CLANG_WARN_CONSTANT_CONVERSION = YES;
				CLANG_WARN_DEPRECATED_OBJC_IMPLEMENTATIONS = YES;
				CLANG_WARN_DIRECT_OBJC_ISA_USAGE = YES_ERROR;
				CLANG_WARN_DOCUMENTATION_COMMENTS = YES;
				CLANG_WARN_EMPTY_BODY = YES;
				CLANG_WARN_ENUM_CONVERSION = YES;
				CLANG_WARN_INFINITE_RECURSION = YES;
				CLANG_WARN_INT_CONVERSION = YES;
				CLANG_WARN_NON_LITERAL_NULL_CONVERSION = YES;
				CLANG_WARN_OBJC_IMPLICIT_RETAIN_SELF = YES;
				CLANG_WARN_OBJC_LITERAL_CONVERSION = YES;
				CLANG_WARN_OBJC_ROOT_CLASS = YES_ERROR;
				CLANG_WARN_QUOTED_INCLUDE_IN_FRAMEWORK_HEADER = YES;
				CLANG_WARN_RANGE_LOOP_ANALYSIS = YES;
				CLANG_WARN_STRICT_PROTOTYPES = YES;
				CLANG_WARN_SUSPICIOUS_MOVE = YES;
				CLANG_WARN_UNGUARDED_AVAILABILITY = YES_AGGRESSIVE;
				CLANG_WARN_UNREACHABLE_CODE = YES;
				CLANG_WARN__DUPLICATE_METHOD_MATCH = YES;
				COPY_PHASE_STRIP = NO;
				DEBUG_INFORMATION_FORMAT = dwarf;
				ENABLE_STRICT_OBJC_MSGSEND = YES;
				ENABLE_TESTABILITY = YES;
				GCC_C_LANGUAGE_STANDARD = gnu11;
				GCC_DYNAMIC_NO_PIC = NO;
				GCC_NO_COMMON_BLOCKS = YES;
				GCC_OPTIMIZATION_LEVEL = 0;
				GCC_PREPROCESSOR_DEFINITIONS = (
					"DEBUG=1",
					"$(inherited)",
				);
				GCC_WARN_64_TO_32_BIT_CONVERSION = YES;
				GCC_WARN_ABOUT_RETURN_TYPE = YES_ERROR;
				GCC_WARN_UNDECLARED_SELECTOR = YES;
				GCC_WARN_UNINITIALIZED_AUTOS = YES_AGGRESSIVE;
				GCC_WARN_UNUSED_FUNCTION = YES;
				GCC_WARN_UNUSED_VARIABLE = YES;
				IPHONEOS_DEPLOYMENT_TARGET = 16.0;
				MTL_ENABLE_DEBUG_INFO = INCLUDE_SOURCE;
				MTL_FAST_MATH = YES;
				ONLY_ACTIVE_ARCH = YES;
				SDKROOT = iphoneos;
				SWIFT_ACTIVE_COMPILATION_CONDITIONS = DEBUG;
				SWIFT_OPTIMIZATION_LEVEL = "-Onone";
			};
			name = Debug;
		};
		CD60F83D296CC16E00085B47 /* Release */ = {
			isa = XCBuildConfiguration;
			buildSettings = {
				ALWAYS_SEARCH_USER_PATHS = NO;
				CLANG_ANALYZER_NONNULL = YES;
				CLANG_ANALYZER_NUMBER_OBJECT_CONVERSION = YES_AGGRESSIVE;
				CLANG_CXX_LANGUAGE_STANDARD = "gnu++20";
				CLANG_ENABLE_MODULES = YES;
				CLANG_ENABLE_OBJC_ARC = YES;
				CLANG_ENABLE_OBJC_WEAK = YES;
				CLANG_WARN_BLOCK_CAPTURE_AUTORELEASING = YES;
				CLANG_WARN_BOOL_CONVERSION = YES;
				CLANG_WARN_COMMA = YES;
				CLANG_WARN_CONSTANT_CONVERSION = YES;
				CLANG_WARN_DEPRECATED_OBJC_IMPLEMENTATIONS = YES;
				CLANG_WARN_DIRECT_OBJC_ISA_USAGE = YES_ERROR;
				CLANG_WARN_DOCUMENTATION_COMMENTS = YES;
				CLANG_WARN_EMPTY_BODY = YES;
				CLANG_WARN_ENUM_CONVERSION = YES;
				CLANG_WARN_INFINITE_RECURSION = YES;
				CLANG_WARN_INT_CONVERSION = YES;
				CLANG_WARN_NON_LITERAL_NULL_CONVERSION = YES;
				CLANG_WARN_OBJC_IMPLICIT_RETAIN_SELF = YES;
				CLANG_WARN_OBJC_LITERAL_CONVERSION = YES;
				CLANG_WARN_OBJC_ROOT_CLASS = YES_ERROR;
				CLANG_WARN_QUOTED_INCLUDE_IN_FRAMEWORK_HEADER = YES;
				CLANG_WARN_RANGE_LOOP_ANALYSIS = YES;
				CLANG_WARN_STRICT_PROTOTYPES = YES;
				CLANG_WARN_SUSPICIOUS_MOVE = YES;
				CLANG_WARN_UNGUARDED_AVAILABILITY = YES_AGGRESSIVE;
				CLANG_WARN_UNREACHABLE_CODE = YES;
				CLANG_WARN__DUPLICATE_METHOD_MATCH = YES;
				COPY_PHASE_STRIP = NO;
				DEBUG_INFORMATION_FORMAT = "dwarf-with-dsym";
				ENABLE_NS_ASSERTIONS = NO;
				ENABLE_STRICT_OBJC_MSGSEND = YES;
				GCC_C_LANGUAGE_STANDARD = gnu11;
				GCC_NO_COMMON_BLOCKS = YES;
				GCC_WARN_64_TO_32_BIT_CONVERSION = YES;
				GCC_WARN_ABOUT_RETURN_TYPE = YES_ERROR;
				GCC_WARN_UNDECLARED_SELECTOR = YES;
				GCC_WARN_UNINITIALIZED_AUTOS = YES_AGGRESSIVE;
				GCC_WARN_UNUSED_FUNCTION = YES;
				GCC_WARN_UNUSED_VARIABLE = YES;
				IPHONEOS_DEPLOYMENT_TARGET = 16.0;
				MTL_ENABLE_DEBUG_INFO = NO;
				MTL_FAST_MATH = YES;
				SDKROOT = iphoneos;
				SWIFT_COMPILATION_MODE = wholemodule;
				SWIFT_OPTIMIZATION_LEVEL = "-O";
				VALIDATE_PRODUCT = YES;
			};
			name = Release;
		};
		CD60F83F296CC16E00085B47 /* Debug */ = {
			isa = XCBuildConfiguration;
			buildSettings = {
				ASSETCATALOG_COMPILER_APPICON_NAME = AppIcon;
				ASSETCATALOG_COMPILER_GLOBAL_ACCENT_COLOR_NAME = AccentColor;
				CODE_SIGN_STYLE = Automatic;
				CURRENT_PROJECT_VERSION = 1;
				DEVELOPMENT_TEAM = P7DFWNNEL3;
				GENERATE_INFOPLIST_FILE = YES;
				INFOPLIST_FILE = Today/Support/Info.plist;
				INFOPLIST_KEY_UIApplicationSupportsIndirectInputEvents = YES;
				INFOPLIST_KEY_UILaunchStoryboardName = LaunchScreen;
				INFOPLIST_KEY_UISupportedInterfaceOrientations_iPad = "UIInterfaceOrientationPortrait UIInterfaceOrientationPortraitUpsideDown UIInterfaceOrientationLandscapeLeft UIInterfaceOrientationLandscapeRight";
				INFOPLIST_KEY_UISupportedInterfaceOrientations_iPhone = "UIInterfaceOrientationPortrait UIInterfaceOrientationLandscapeLeft UIInterfaceOrientationLandscapeRight";
				LD_RUNPATH_SEARCH_PATHS = (
					"$(inherited)",
					"@executable_path/Frameworks",
				);
				MARKETING_VERSION = 1.0;
				PRODUCT_BUNDLE_IDENTIFIER = io.github.chadarutherford.Today;
				PRODUCT_NAME = "$(TARGET_NAME)";
				SWIFT_EMIT_LOC_STRINGS = YES;
				SWIFT_VERSION = 5.0;
				TARGETED_DEVICE_FAMILY = "1,2";
			};
			name = Debug;
		};
		CD60F840296CC16E00085B47 /* Release */ = {
			isa = XCBuildConfiguration;
			buildSettings = {
				ASSETCATALOG_COMPILER_APPICON_NAME = AppIcon;
				ASSETCATALOG_COMPILER_GLOBAL_ACCENT_COLOR_NAME = AccentColor;
				CODE_SIGN_STYLE = Automatic;
				CURRENT_PROJECT_VERSION = 1;
				DEVELOPMENT_TEAM = P7DFWNNEL3;
				GENERATE_INFOPLIST_FILE = YES;
				INFOPLIST_FILE = Today/Support/Info.plist;
				INFOPLIST_KEY_UIApplicationSupportsIndirectInputEvents = YES;
				INFOPLIST_KEY_UILaunchStoryboardName = LaunchScreen;
				INFOPLIST_KEY_UISupportedInterfaceOrientations_iPad = "UIInterfaceOrientationPortrait UIInterfaceOrientationPortraitUpsideDown UIInterfaceOrientationLandscapeLeft UIInterfaceOrientationLandscapeRight";
				INFOPLIST_KEY_UISupportedInterfaceOrientations_iPhone = "UIInterfaceOrientationPortrait UIInterfaceOrientationLandscapeLeft UIInterfaceOrientationLandscapeRight";
				LD_RUNPATH_SEARCH_PATHS = (
					"$(inherited)",
					"@executable_path/Frameworks",
				);
				MARKETING_VERSION = 1.0;
				PRODUCT_BUNDLE_IDENTIFIER = io.github.chadarutherford.Today;
				PRODUCT_NAME = "$(TARGET_NAME)";
				SWIFT_EMIT_LOC_STRINGS = YES;
				SWIFT_VERSION = 5.0;
				TARGETED_DEVICE_FAMILY = "1,2";
			};
			name = Release;
		};
/* End XCBuildConfiguration section */

/* Begin XCConfigurationList section */
		CD60F825296CC16D00085B47 /* Build configuration list for PBXProject "Today" */ = {
			isa = XCConfigurationList;
			buildConfigurations = (
				CD60F83C296CC16E00085B47 /* Debug */,
				CD60F83D296CC16E00085B47 /* Release */,
			);
			defaultConfigurationIsVisible = 0;
			defaultConfigurationName = Release;
		};
		CD60F83E296CC16E00085B47 /* Build configuration list for PBXNativeTarget "Today" */ = {
			isa = XCConfigurationList;
			buildConfigurations = (
				CD60F83F296CC16E00085B47 /* Debug */,
				CD60F840296CC16E00085B47 /* Release */,
			);
			defaultConfigurationIsVisible = 0;
			defaultConfigurationName = Release;
		};
/* End XCConfigurationList section */
	};
	rootObject = CD60F822296CC16D00085B47 /* Project object */;
}
